
Microsoft Visual Studio Solution File, Format Version 11.00
# Visual Studio 2010
Project("{FAE04EC0-301F-11D3-BF4B-00C04F79EFBC}") = "USPDHUB", "USPDHUB\USPDHUB.csproj", "{EEA90A18-8CA1-4DFE-AC22-61C410F59B98}"
EndProject
Project("{FAE04EC0-301F-11D3-BF4B-00C04F79EFBC}") = "USPDHUBDAL", "USPDHUBDAL\USPDHUBDAL.csproj", "{F6D3AE35-4827-4667-B05C-F1F42022B841}"
EndProject
Project("{FAE04EC0-301F-11D3-BF4B-00C04F79EFBC}") = "USPDHUBBLL", "USPDHUBBLL\USPDHUBBLL.csproj", "{A5CB6330-522D-43D6-BB50-87EFCA198833}"
EndProject
Global
	GlobalSection(SolutionConfigurationPlatforms) = preSolution
		Debug|Any CPU = Debug|Any CPU
		Release|Any CPU = Release|Any CPU
	EndGlobalSection
	GlobalSection(ProjectConfigurationPlatforms) = postSolution
		{EEA90A18-8CA1-4DFE-AC22-61C410F59B98}.Debug|Any CPU.ActiveCfg = Debug|Any CPU
		{EEA90A18-8CA1-4DFE-AC22-61C410F59B98}.Debug|Any CPU.Build.0 = Debug|Any CPU
		{EEA90A18-8CA1-4DFE-AC22-61C410F59B98}.Release|Any CPU.ActiveCfg = Release|Any CPU
		{EEA90A18-8CA1-4DFE-AC22-61C410F59B98}.Release|Any CPU.Build.0 = Release|Any CPU
		{F6D3AE35-4827-4667-B05C-F1F42022B841}.Debug|Any CPU.ActiveCfg = Debug|Any CPU
		{F6D3AE35-4827-4667-B05C-F1F42022B841}.Debug|Any CPU.Build.0 = Debug|Any CPU
		{F6D3AE35-4827-4667-B05C-F1F42022B841}.Release|Any CPU.ActiveCfg = Release|Any CPU
		{F6D3AE35-4827-4667-B05C-F1F42022B841}.Release|Any CPU.Build.0 = Release|Any CPU
		{A5CB6330-522D-43D6-BB50-87EFCA198833}.Debug|Any CPU.ActiveCfg = Debug|Any CPU
		{A5CB6330-522D-43D6-BB50-87EFCA198833}.Debug|Any CPU.Build.0 = Debug|Any CPU
		{A5CB6330-522D-43D6-BB50-87EFCA198833}.Release|Any CPU.ActiveCfg = Release|Any CPU
		{A5CB6330-522D-43D6-BB50-87EFCA198833}.Release|Any CPU.Build.0 = Release|Any CPU
	EndGlobalSection
	GlobalSection(SolutionProperties) = preSolution
		HideSolutionNode = FALSE
	EndGlobalSection
EndGlobal
