
Microsoft Visual Studio Solution File, Format Version 12.00
# Visual Studio 14
VisualStudioVersion = 14.0.24720.0
MinimumVisualStudioVersion = 10.0.40219.1
Project("{FAE04EC0-301F-11D3-BF4B-00C04F79EFBC}") = "SendPushNotifications", "SendPushNotifications\SendPushNotifications.csproj", "{FEE8A3F9-A23B-46B4-A93E-119FEEFF2A9E}"
EndProject
Project("{FAE04EC0-301F-11D3-BF4B-00C04F79EFBC}") = "SendPushNotificationsBLL", "SendPushNotificationsBLL\SendPushNotificationsBLL.csproj", "{DD17C2FA-3D64-4B0B-B0BD-64658212C531}"
EndProject
Project("{FAE04EC0-301F-11D3-BF4B-00C04F79EFBC}") = "SendPushNotificationsDAL", "SendPushNotificationsDAL\SendPushNotificationsDAL.csproj", "{80803464-BA71-4306-A309-4244C93FE8CB}"
EndProject
Global
	GlobalSection(SolutionConfigurationPlatforms) = preSolution
		Debug|Any CPU = Debug|Any CPU
		Release|Any CPU = Release|Any CPU
	EndGlobalSection
	GlobalSection(ProjectConfigurationPlatforms) = postSolution
		{FEE8A3F9-A23B-46B4-A93E-119FEEFF2A9E}.Debug|Any CPU.ActiveCfg = Debug|Any CPU
		{FEE8A3F9-A23B-46B4-A93E-119FEEFF2A9E}.Debug|Any CPU.Build.0 = Debug|Any CPU
		{FEE8A3F9-A23B-46B4-A93E-119FEEFF2A9E}.Release|Any CPU.ActiveCfg = Release|Any CPU
		{FEE8A3F9-A23B-46B4-A93E-119FEEFF2A9E}.Release|Any CPU.Build.0 = Release|Any CPU
		{DD17C2FA-3D64-4B0B-B0BD-64658212C531}.Debug|Any CPU.ActiveCfg = Debug|Any CPU
		{DD17C2FA-3D64-4B0B-B0BD-64658212C531}.Debug|Any CPU.Build.0 = Debug|Any CPU
		{DD17C2FA-3D64-4B0B-B0BD-64658212C531}.Release|Any CPU.ActiveCfg = Release|Any CPU
		{DD17C2FA-3D64-4B0B-B0BD-64658212C531}.Release|Any CPU.Build.0 = Release|Any CPU
		{80803464-BA71-4306-A309-4244C93FE8CB}.Debug|Any CPU.ActiveCfg = Debug|Any CPU
		{80803464-BA71-4306-A309-4244C93FE8CB}.Debug|Any CPU.Build.0 = Debug|Any CPU
		{80803464-BA71-4306-A309-4244C93FE8CB}.Release|Any CPU.ActiveCfg = Release|Any CPU
		{80803464-BA71-4306-A309-4244C93FE8CB}.Release|Any CPU.Build.0 = Release|Any CPU
	EndGlobalSection
	GlobalSection(SolutionProperties) = preSolution
		HideSolutionNode = FALSE
	EndGlobalSection
EndGlobal
