
Microsoft Visual Studio Solution File, Format Version 11.00
# Visual Studio 2010
Project("{FAE04EC0-301F-11D3-BF4B-00C04F79EFBC}") = "USPDHubClientAlerts", "USPDHubClientAlerts\USPDHubClientAlerts.csproj", "{AC3094F9-4835-4E86-BC80-4979FE99633C}"
EndProject
Project("{FAE04EC0-301F-11D3-BF4B-00C04F79EFBC}") = "DeleteTipsManagerFiles", "DeleteTipsManagerFiles\DeleteTipsManagerFiles.csproj", "{BE268252-855E-44B3-A8DE-309701EC8400}"
EndProject
Project("{6141683F-8A12-4E36-9623-2EB02B2C2303}") = "inSchoolHub_Setup", "inSchoolHub_Setup\inSchoolHub_Setup.isproj", "{7ED51F47-1E7F-44A1-90BE-ADAAB4D631DF}"
	ProjectSection(ProjectDependencies) = postProject
		{AC3094F9-4835-4E86-BC80-4979FE99633C} = {AC3094F9-4835-4E86-BC80-4979FE99633C}
	EndProjectSection
EndProject
Project("{6141683F-8A12-4E36-9623-2EB02B2C2303}") = "Twovie_TipsManager", "Twovie_TipsManager\Twovie_TipsManager.isproj", "{12177BCB-11DD-43AD-AF66-F9FA1864ED28}"
	ProjectSection(ProjectDependencies) = postProject
		{AC3094F9-4835-4E86-BC80-4979FE99633C} = {AC3094F9-4835-4E86-BC80-4979FE99633C}
	EndProjectSection
EndProject
Project("{6141683F-8A12-4E36-9623-2EB02B2C2303}") = "USPDTipsManager_Setup", "USPDTipsManager_Setup\USPDTipsManager_Setup.isproj", "{3D4E809C-92B3-4427-A84C-BFF7467DE3D3}"
	ProjectSection(ProjectDependencies) = postProject
		{AC3094F9-4835-4E86-BC80-4979FE99633C} = {AC3094F9-4835-4E86-BC80-4979FE99633C}
	EndProjectSection
EndProject
Project("{6141683F-8A12-4E36-9623-2EB02B2C2303}") = "MyYouthHub_TipsManager", "MyYouthHub_TipsManager\MyYouthHub_TipsManager.isproj", "{6AD09F4E-D1B4-41F6-910D-7C7898CD84B7}"
	ProjectSection(ProjectDependencies) = postProject
		{AC3094F9-4835-4E86-BC80-4979FE99633C} = {AC3094F9-4835-4E86-BC80-4979FE99633C}
	EndProjectSection
EndProject
Global
	GlobalSection(SolutionConfigurationPlatforms) = preSolution
		CD_ROM|x86 = CD_ROM|x86
		Debug|x86 = Debug|x86
		DVD-5|x86 = DVD-5|x86
		Release|x86 = Release|x86
		SingleImage|x86 = SingleImage|x86
	EndGlobalSection
	GlobalSection(ProjectConfigurationPlatforms) = postSolution
		{AC3094F9-4835-4E86-BC80-4979FE99633C}.CD_ROM|x86.ActiveCfg = Release|x86
		{AC3094F9-4835-4E86-BC80-4979FE99633C}.CD_ROM|x86.Build.0 = Release|x86
		{AC3094F9-4835-4E86-BC80-4979FE99633C}.Debug|x86.ActiveCfg = Debug|x86
		{AC3094F9-4835-4E86-BC80-4979FE99633C}.Debug|x86.Build.0 = Debug|x86
		{AC3094F9-4835-4E86-BC80-4979FE99633C}.DVD-5|x86.ActiveCfg = Debug|x86
		{AC3094F9-4835-4E86-BC80-4979FE99633C}.DVD-5|x86.Build.0 = Debug|x86
		{AC3094F9-4835-4E86-BC80-4979FE99633C}.Release|x86.ActiveCfg = Release|x86
		{AC3094F9-4835-4E86-BC80-4979FE99633C}.Release|x86.Build.0 = Release|x86
		{AC3094F9-4835-4E86-BC80-4979FE99633C}.SingleImage|x86.ActiveCfg = Release|x86
		{AC3094F9-4835-4E86-BC80-4979FE99633C}.SingleImage|x86.Build.0 = Release|x86
		{BE268252-855E-44B3-A8DE-309701EC8400}.CD_ROM|x86.ActiveCfg = Release|x86
		{BE268252-855E-44B3-A8DE-309701EC8400}.CD_ROM|x86.Build.0 = Release|x86
		{BE268252-855E-44B3-A8DE-309701EC8400}.Debug|x86.ActiveCfg = Debug|x86
		{BE268252-855E-44B3-A8DE-309701EC8400}.Debug|x86.Build.0 = Debug|x86
		{BE268252-855E-44B3-A8DE-309701EC8400}.DVD-5|x86.ActiveCfg = Debug|x86
		{BE268252-855E-44B3-A8DE-309701EC8400}.DVD-5|x86.Build.0 = Debug|x86
		{BE268252-855E-44B3-A8DE-309701EC8400}.Release|x86.ActiveCfg = Release|x86
		{BE268252-855E-44B3-A8DE-309701EC8400}.Release|x86.Build.0 = Release|x86
		{BE268252-855E-44B3-A8DE-309701EC8400}.SingleImage|x86.ActiveCfg = Release|x86
		{BE268252-855E-44B3-A8DE-309701EC8400}.SingleImage|x86.Build.0 = Release|x86
		{7ED51F47-1E7F-44A1-90BE-ADAAB4D631DF}.CD_ROM|x86.ActiveCfg = CD_ROM
		{7ED51F47-1E7F-44A1-90BE-ADAAB4D631DF}.CD_ROM|x86.Build.0 = CD_ROM
		{7ED51F47-1E7F-44A1-90BE-ADAAB4D631DF}.Debug|x86.ActiveCfg = DVD-5
		{7ED51F47-1E7F-44A1-90BE-ADAAB4D631DF}.Debug|x86.Build.0 = DVD-5
		{7ED51F47-1E7F-44A1-90BE-ADAAB4D631DF}.DVD-5|x86.ActiveCfg = DVD-5
		{7ED51F47-1E7F-44A1-90BE-ADAAB4D631DF}.DVD-5|x86.Build.0 = DVD-5
		{7ED51F47-1E7F-44A1-90BE-ADAAB4D631DF}.Release|x86.ActiveCfg = SingleImage
		{7ED51F47-1E7F-44A1-90BE-ADAAB4D631DF}.Release|x86.Build.0 = SingleImage
		{7ED51F47-1E7F-44A1-90BE-ADAAB4D631DF}.SingleImage|x86.ActiveCfg = SingleImage
		{7ED51F47-1E7F-44A1-90BE-ADAAB4D631DF}.SingleImage|x86.Build.0 = SingleImage
		{12177BCB-11DD-43AD-AF66-F9FA1864ED28}.CD_ROM|x86.ActiveCfg = CD_ROM
		{12177BCB-11DD-43AD-AF66-F9FA1864ED28}.CD_ROM|x86.Build.0 = CD_ROM
		{12177BCB-11DD-43AD-AF66-F9FA1864ED28}.Debug|x86.ActiveCfg = DVD-5
		{12177BCB-11DD-43AD-AF66-F9FA1864ED28}.Debug|x86.Build.0 = DVD-5
		{12177BCB-11DD-43AD-AF66-F9FA1864ED28}.DVD-5|x86.ActiveCfg = DVD-5
		{12177BCB-11DD-43AD-AF66-F9FA1864ED28}.DVD-5|x86.Build.0 = DVD-5
		{12177BCB-11DD-43AD-AF66-F9FA1864ED28}.Release|x86.ActiveCfg = SingleImage
		{12177BCB-11DD-43AD-AF66-F9FA1864ED28}.Release|x86.Build.0 = SingleImage
		{12177BCB-11DD-43AD-AF66-F9FA1864ED28}.SingleImage|x86.ActiveCfg = SingleImage
		{12177BCB-11DD-43AD-AF66-F9FA1864ED28}.SingleImage|x86.Build.0 = SingleImage
		{3D4E809C-92B3-4427-A84C-BFF7467DE3D3}.CD_ROM|x86.ActiveCfg = CD_ROM
		{3D4E809C-92B3-4427-A84C-BFF7467DE3D3}.CD_ROM|x86.Build.0 = CD_ROM
		{3D4E809C-92B3-4427-A84C-BFF7467DE3D3}.Debug|x86.ActiveCfg = DVD-5
		{3D4E809C-92B3-4427-A84C-BFF7467DE3D3}.Debug|x86.Build.0 = DVD-5
		{3D4E809C-92B3-4427-A84C-BFF7467DE3D3}.DVD-5|x86.ActiveCfg = DVD-5
		{3D4E809C-92B3-4427-A84C-BFF7467DE3D3}.DVD-5|x86.Build.0 = DVD-5
		{3D4E809C-92B3-4427-A84C-BFF7467DE3D3}.Release|x86.ActiveCfg = SingleImage
		{3D4E809C-92B3-4427-A84C-BFF7467DE3D3}.Release|x86.Build.0 = SingleImage
		{3D4E809C-92B3-4427-A84C-BFF7467DE3D3}.SingleImage|x86.ActiveCfg = SingleImage
		{3D4E809C-92B3-4427-A84C-BFF7467DE3D3}.SingleImage|x86.Build.0 = SingleImage
		{6AD09F4E-D1B4-41F6-910D-7C7898CD84B7}.CD_ROM|x86.ActiveCfg = CD_ROM
		{6AD09F4E-D1B4-41F6-910D-7C7898CD84B7}.CD_ROM|x86.Build.0 = CD_ROM
		{6AD09F4E-D1B4-41F6-910D-7C7898CD84B7}.Debug|x86.ActiveCfg = DVD-5
		{6AD09F4E-D1B4-41F6-910D-7C7898CD84B7}.Debug|x86.Build.0 = DVD-5
		{6AD09F4E-D1B4-41F6-910D-7C7898CD84B7}.DVD-5|x86.ActiveCfg = DVD-5
		{6AD09F4E-D1B4-41F6-910D-7C7898CD84B7}.DVD-5|x86.Build.0 = DVD-5
		{6AD09F4E-D1B4-41F6-910D-7C7898CD84B7}.Release|x86.ActiveCfg = SingleImage
		{6AD09F4E-D1B4-41F6-910D-7C7898CD84B7}.Release|x86.Build.0 = SingleImage
		{6AD09F4E-D1B4-41F6-910D-7C7898CD84B7}.SingleImage|x86.ActiveCfg = SingleImage
		{6AD09F4E-D1B4-41F6-910D-7C7898CD84B7}.SingleImage|x86.Build.0 = SingleImage
	EndGlobalSection
	GlobalSection(SolutionProperties) = preSolution
		HideSolutionNode = FALSE
	EndGlobalSection
EndGlobal
